
Microsoft Visual Studio Solution File, Format Version 12.00
# Visual Studio 15
VisualStudioVersion = 15.0.27130.2010
MinimumVisualStudioVersion = 10.0.40219.1
Project("{FAE04EC0-301F-11D3-BF4B-00C04F79EFBC}") = "ServiceHostApp", "ServiceHostApp\ServiceHostApp.csproj", "{47F5012E-CE04-4585-BEC4-421F4426E795}"
EndProject
Project("{FAE04EC0-301F-11D3-BF4B-00C04F79EFBC}") = "TestWcfServiceLibrary", "TestWcfServiceLibrary\TestWcfServiceLibrary.csproj", "{46ADEDEC-0625-40E6-8896-A67B45A9B0D3}"
EndProject
Global
	GlobalSection(SolutionConfigurationPlatforms) = preSolution
		Debug|Any CPU = Debug|Any CPU
		Release|Any CPU = Release|Any CPU
	EndGlobalSection
	GlobalSection(ProjectConfigurationPlatforms) = postSolution
		{47F5012E-CE04-4585-BEC4-421F4426E795}.Debug|Any CPU.ActiveCfg = Debug|Any CPU
		{47F5012E-CE04-4585-BEC4-421F4426E795}.Debug|Any CPU.Build.0 = Debug|Any CPU
		{47F5012E-CE04-4585-BEC4-421F4426E795}.Release|Any CPU.ActiveCfg = Release|Any CPU
		{47F5012E-CE04-4585-BEC4-421F4426E795}.Release|Any CPU.Build.0 = Release|Any CPU
		{46ADEDEC-0625-40E6-8896-A67B45A9B0D3}.Debug|Any CPU.ActiveCfg = Debug|Any CPU
		{46ADEDEC-0625-40E6-8896-A67B45A9B0D3}.Debug|Any CPU.Build.0 = Debug|Any CPU
		{46ADEDEC-0625-40E6-8896-A67B45A9B0D3}.Release|Any CPU.ActiveCfg = Release|Any CPU
		{46ADEDEC-0625-40E6-8896-A67B45A9B0D3}.Release|Any CPU.Build.0 = Release|Any CPU
	EndGlobalSection
	GlobalSection(SolutionProperties) = preSolution
		HideSolutionNode = FALSE
	EndGlobalSection
	GlobalSection(ExtensibilityGlobals) = postSolution
		SolutionGuid = {E2DDF69E-267D-48C9-8C84-A3D057A2E8D6}
	EndGlobalSection
EndGlobal
